<?xml version="1.0" encoding="utf-8"?>
<Project ToolsVersion="4.0" xmlns="http://schemas.microsoft.com/developer/msbuild/2003">
  <ItemGroup>
    <Filter Include="Source Files">
      <UniqueIdentifier>{4FC737F1-C7A5-4376-A066-2A32D752A2FF}</UniqueIdentifier>
      <Extensions>cpp;c;cc;cxx;def;odl;idl;hpj;bat;asm;asmx</Extensions>
    </Filter>
    <Filter Include="Header Files">
      <UniqueIdentifier>{93995380-89BD-4b04-88EB-625FBE52EBFB}</UniqueIdentifier>
      <Extensions>h;hh;hpp;hxx;hm;inl;inc;xsd</Extensions>
    </Filter>
  </ItemGroup>
  <ItemGroup>
    <ClCompile Include="..\nvfuse_core.c">
      <Filter>Source Files</Filter>
    </ClCompile>
    <ClCompile Include="..\nvfuse_api.c">
      <Filter>Source Files</Filter>
    </ClCompile>
    <ClCompile Include="..\nvfuse_bp_tree.c">
      <Filter>Source Files</Filter>
    </ClCompile>
    <ClCompile Include="..\nvfuse_buffer_cache.c">
      <Filter>Source Files</Filter>
    </ClCompile>
    <ClCompile Include="..\nvfuse_dirhash.c">
      <Filter>Source Files</Filter>
    </ClCompile>
    <ClCompile Include="..\nvfuse_file_io.c">
      <Filter>Source Files</Filter>
    </ClCompile>
    <ClCompile Include="..\nvfuse_gettimeofday.c">
      <Filter>Source Files</Filter>
    </ClCompile>
    <ClCompile Include="..\nvfuse_indirect.c">
      <Filter>Source Files</Filter>
    </ClCompile>
    <ClCompile Include="..\nvfuse_malloc.c">
      <Filter>Source Files</Filter>
    </ClCompile>
    <ClCompile Include="..\nvfuse_misc.c">
      <Filter>Source Files</Filter>
    </ClCompile>
    <ClCompile Include="..\nvfuse_ramdisk_io.c">
      <Filter>Source Files</Filter>
    </ClCompile>
    <ClCompile Include="..\nvfuse_spdk.c">
      <Filter>Source Files</Filter>
    </ClCompile>
    <ClCompile Include="..\nvfuse_mkfs.c">
      <Filter>Source Files</Filter>
    </ClCompile>
    <ClCompile Include="..\nvfuse_aio.c">
      <Filter>Source Files</Filter>
    </ClCompile>
    <ClCompile Include="..\rbtree.c">
      <Filter>Source Files</Filter>
    </ClCompile>
  </ItemGroup>
  <ItemGroup>
    <ClInclude Include="..\include\list.h">
      <Filter>Header Files</Filter>
    </ClInclude>
    <ClInclude Include="..\include\poison.h">
      <Filter>Header Files</Filter>
    </ClInclude>
    <ClInclude Include="..\include\nvfuse_core.h">
      <Filter>Header Files</Filter>
    </ClInclude>
    <ClInclude Include="..\include\nvfuse_api.h">
      <Filter>Header Files</Filter>
    </ClInclude>
    <ClInclude Include="..\include\nvfuse_bp_tree.h">
      <Filter>Header Files</Filter>
    </ClInclude>
    <ClInclude Include="..\include\nvfuse_buffer_cache.h">
      <Filter>Header Files</Filter>
    </ClInclude>
    <ClInclude Include="..\include\nvfuse_config.h">
      <Filter>Header Files</Filter>
    </ClInclude>
    <ClInclude Include="..\include\nvfuse_gettimeofday.h">
      <Filter>Header Files</Filter>
    </ClInclude>
    <ClInclude Include="..\include\nvfuse_indirect.h">
      <Filter>Header Files</Filter>
    </ClInclude>
    <ClInclude Include="..\include\nvfuse_io_manager.h">
      <Filter>Header Files</Filter>
    </ClInclude>
    <ClInclude Include="..\include\nvfuse_malloc.h">
      <Filter>Header Files</Filter>
    </ClInclude>
    <ClInclude Include="..\include\nvfuse_types.h">
      <Filter>Header Files</Filter>
    </ClInclude>
    <ClInclude Include="..\include\nvfuse_dirhash.h">
      <Filter>Header Files</Filter>
    </ClInclude>
    <ClInclude Include="..\include\imark.h">
      <Filter>Header Files</Filter>
    </ClInclude>
    <ClInclude Include="..\include\nvfuse_aio.h">
      <Filter>Header Files</Filter>
    </ClInclude>
    <ClInclude Include="..\include\rbtree.h">
      <Filter>Header Files</Filter>
    </ClInclude>
  </ItemGroup>
</Project>